
Microsoft Visual Studio Solution File, Format Version 12.00
# Visual Studio Version 17
VisualStudioVersion = 17.6.33829.357
MinimumVisualStudioVersion = 10.0.40219.1
Project("{FAE04EC0-301F-11D3-BF4B-00C04F79EFBC}") = "AngryBirds", "AngryBirds.csproj", "{358465AE-6062-499F-B3B3-9592915D11FC}"
EndProject
Global
	GlobalSection(SolutionConfigurationPlatforms) = preSolution
		Debug|Any CPU = Debug|Any CPU
		Release|Any CPU = Release|Any CPU
	EndGlobalSection
	GlobalSection(ProjectConfigurationPlatforms) = postSolution
		{358465AE-6062-499F-B3B3-9592915D11FC}.Debug|Any CPU.ActiveCfg = Debug|Any CPU
		{358465AE-6062-499F-B3B3-9592915D11FC}.Debug|Any CPU.Build.0 = Debug|Any CPU
		{358465AE-6062-499F-B3B3-9592915D11FC}.Release|Any CPU.ActiveCfg = Release|Any CPU
		{358465AE-6062-499F-B3B3-9592915D11FC}.Release|Any CPU.Build.0 = Release|Any CPU
	EndGlobalSection
	GlobalSection(SolutionProperties) = preSolution
		HideSolutionNode = FALSE
	EndGlobalSection
	GlobalSection(ExtensibilityGlobals) = postSolution
		SolutionGuid = {29BB0E22-1197-4A35-AA2D-11C9CD6BCAE0}
	EndGlobalSection
EndGlobal
